// !$*UTF8*$!
{
	archiveVersion = 1;
	classes = {
	};
	objectVersion = 50;
	objects = {

/* Begin PBXBuildFile section */
		CCEC42EC2382E2140052D5B8 /* AppDelegate.swift in Sources */ = {isa = PBXBuildFile; fileRef = CCEC42EB2382E2140052D5B8 /* AppDelegate.swift */; };
		CCEC42EE2382E2140052D5B8 /* ViewController.swift in Sources */ = {isa = PBXBuildFile; fileRef = CCEC42ED2382E2140052D5B8 /* ViewController.swift */; };
		CCEC42F02382E21A0052D5B8 /* Assets.xcassets in Resources */ = {isa = PBXBuildFile; fileRef = CCEC42EF2382E21A0052D5B8 /* Assets.xcassets */; };
		CCEC42F32382E21A0052D5B8 /* Main.storyboard in Resources */ = {isa = PBXBuildFile; fileRef = CCEC42F12382E21A0052D5B8 /* Main.storyboard */; };
		CCEC42FC2382E2360052D5B8 /* AxesDrawer.swift in Sources */ = {isa = PBXBuildFile; fileRef = CCEC42FB2382E2360052D5B8 /* AxesDrawer.swift */; };
		CCEC42FE2382E2550052D5B8 /* Extensions.swift in Sources */ = {isa = PBXBuildFile; fileRef = CCEC42FD2382E2550052D5B8 /* Extensions.swift */; };
		CCEC43022382FF1B0052D5B8 /* GraphView.swift in Sources */ = {isa = PBXBuildFile; fileRef = CCEC43012382FF1B0052D5B8 /* GraphView.swift */; };
		CCEC4304238302550052D5B8 /* GConstants.swift in Sources */ = {isa = PBXBuildFile; fileRef = CCEC4303238302550052D5B8 /* GConstants.swift */; };
/* End PBXBuildFile section */

/* Begin PBXFileReference section */
		CCEC42E82382E2140052D5B8 /* NewAxesDrawer.app */ = {isa = PBXFileReference; explicitFileType = wrapper.application; includeInIndex = 0; path = NewAxesDrawer.app; sourceTree = BUILT_PRODUCTS_DIR; };
		CCEC42EB2382E2140052D5B8 /* AppDelegate.swift */ = {isa = PBXFileReference; lastKnownFileType = sourcecode.swift; path = AppDelegate.swift; sourceTree = "<group>"; };
		CCEC42ED2382E2140052D5B8 /* ViewController.swift */ = {isa = PBXFileReference; lastKnownFileType = sourcecode.swift; path = ViewController.swift; sourceTree = "<group>"; };
		CCEC42EF2382E21A0052D5B8 /* Assets.xcassets */ = {isa = PBXFileReference; lastKnownFileType = folder.assetcatalog; path = Assets.xcassets; sourceTree = "<group>"; };
		CCEC42F22382E21A0052D5B8 /* Base */ = {isa = PBXFileReference; lastKnownFileType = file.storyboard; name = Base; path = Base.lproj/Main.storyboard; sourceTree = "<group>"; };
		CCEC42F42382E21A0052D5B8 /* Info.plist */ = {isa = PBXFileReference; lastKnownFileType = text.plist.xml; path = Info.plist; sourceTree = "<group>"; };
		CCEC42F52382E21A0052D5B8 /* NewAxesDrawer.entitlements */ = {isa = PBXFileReference; lastKnownFileType = text.plist.entitlements; path = NewAxesDrawer.entitlements; sourceTree = "<group>"; };
		CCEC42FB2382E2360052D5B8 /* AxesDrawer.swift */ = {isa = PBXFileReference; lastKnownFileType = sourcecode.swift; path = AxesDrawer.swift; sourceTree = SOURCE_ROOT; };
		CCEC42FD2382E2550052D5B8 /* Extensions.swift */ = {isa = PBXFileReference; lastKnownFileType = sourcecode.swift; path = Extensions.swift; sourceTree = "<group>"; };
		CCEC43012382FF1B0052D5B8 /* GraphView.swift */ = {isa = PBXFileReference; lastKnownFileType = sourcecode.swift; path = GraphView.swift; sourceTree = SOURCE_ROOT; };
		CCEC4303238302550052D5B8 /* GConstants.swift */ = {isa = PBXFileReference; lastKnownFileType = sourcecode.swift; path = GConstants.swift; sourceTree = "<group>"; };
/* End PBXFileReference section */

/* Begin PBXFrameworksBuildPhase section */
		CCEC42E52382E2140052D5B8 /* Frameworks */ = {
			isa = PBXFrameworksBuildPhase;
			buildActionMask = 2147483647;
			files = (
			);
			runOnlyForDeploymentPostprocessing = 0;
		};
/* End PBXFrameworksBuildPhase section */

/* Begin PBXGroup section */
		CCEC42DF2382E2140052D5B8 = {
			isa = PBXGroup;
			children = (
				CCEC42EA2382E2140052D5B8 /* NewAxesDrawer */,
				CCEC42E92382E2140052D5B8 /* Products */,
			);
			sourceTree = "<group>";
		};
		CCEC42E92382E2140052D5B8 /* Products */ = {
			isa = PBXGroup;
			children = (
				CCEC42E82382E2140052D5B8 /* NewAxesDrawer.app */,
			);
			name = Products;
			sourceTree = "<group>";
		};
		CCEC42EA2382E2140052D5B8 /* NewAxesDrawer */ = {
			isa = PBXGroup;
			children = (
				CCEC42F12382E21A0052D5B8 /* Main.storyboard */,
				CCEC42ED2382E2140052D5B8 /* ViewController.swift */,
				CCEC43012382FF1B0052D5B8 /* GraphView.swift */,
				CCEC42FB2382E2360052D5B8 /* AxesDrawer.swift */,
				CCEC4303238302550052D5B8 /* GConstants.swift */,
				CCEC42EB2382E2140052D5B8 /* AppDelegate.swift */,
				CCEC42EF2382E21A0052D5B8 /* Assets.xcassets */,
				CCEC42FD2382E2550052D5B8 /* Extensions.swift */,
				CCEC42F42382E21A0052D5B8 /* Info.plist */,
				CCEC42F52382E21A0052D5B8 /* NewAxesDrawer.entitlements */,
			);
			path = NewAxesDrawer;
			sourceTree = "<group>";
		};
/* End PBXGroup section */

/* Begin PBXNativeTarget section */
		CCEC42E72382E2140052D5B8 /* NewAxesDrawer */ = {
			isa = PBXNativeTarget;
			buildConfigurationList = CCEC42F82382E21A0052D5B8 /* Build configuration list for PBXNativeTarget "NewAxesDrawer" */;
			buildPhases = (
				CCEC42E42382E2140052D5B8 /* Sources */,
				CCEC42E52382E2140052D5B8 /* Frameworks */,
				CCEC42E62382E2140052D5B8 /* Resources */,
			);
			buildRules = (
			);
			dependencies = (
			);
			name = NewAxesDrawer;
			productName = NewAxesDrawer;
			productReference = CCEC42E82382E2140052D5B8 /* NewAxesDrawer.app */;
			productType = "com.apple.product-type.application";
		};
/* End PBXNativeTarget section */

/* Begin PBXProject section */
		CCEC42E02382E2140052D5B8 /* Project object */ = {
			isa = PBXProject;
			attributes = {
				LastSwiftUpdateCheck = 1120;
				LastUpgradeCheck = 1120;
				ORGANIZATIONNAME = "Igor Kutovoy";
				TargetAttributes = {
					CCEC42E72382E2140052D5B8 = {
						CreatedOnToolsVersion = 11.2.1;
					};
				};
			};
			buildConfigurationList = CCEC42E32382E2140052D5B8 /* Build configuration list for PBXProject "NewAxesDrawer" */;
			compatibilityVersion = "Xcode 9.3";
			developmentRegion = en;
			hasScannedForEncodings = 0;
			knownRegions = (
				en,
				Base,
			);
			mainGroup = CCEC42DF2382E2140052D5B8;
			productRefGroup = CCEC42E92382E2140052D5B8 /* Products */;
			projectDirPath = "";
			projectRoot = "";
			targets = (
				CCEC42E72382E2140052D5B8 /* NewAxesDrawer */,
			);
		};
/* End PBXProject section */

/* Begin PBXResourcesBuildPhase section */
		CCEC42E62382E2140052D5B8 /* Resources */ = {
			isa = PBXResourcesBuildPhase;
			buildActionMask = 2147483647;
			files = (
				CCEC42F02382E21A0052D5B8 /* Assets.xcassets in Resources */,
				CCEC42F32382E21A0052D5B8 /* Main.storyboard in Resources */,
			);
			runOnlyForDeploymentPostprocessing = 0;
		};
/* End PBXResourcesBuildPhase section */

/* Begin PBXSourcesBuildPhase section */
		CCEC42E42382E2140052D5B8 /* Sources */ = {
			isa = PBXSourcesBuildPhase;
			buildActionMask = 2147483647;
			files = (
				CCEC43022382FF1B0052D5B8 /* GraphView.swift in Sources */,
				CCEC4304238302550052D5B8 /* GConstants.swift in Sources */,
				CCEC42EE2382E2140052D5B8 /* ViewController.swift in Sources */,
				CCEC42EC2382E2140052D5B8 /* AppDelegate.swift in Sources */,
				CCEC42FC2382E2360052D5B8 /* AxesDrawer.swift in Sources */,
				CCEC42FE2382E2550052D5B8 /* Extensions.swift in Sources */,
			);
			runOnlyForDeploymentPostprocessing = 0;
		};
/* End PBXSourcesBuildPhase section */

/* Begin PBXVariantGroup section */
		CCEC42F12382E21A0052D5B8 /* Main.storyboard */ = {
			isa = PBXVariantGroup;
			children = (
				CCEC42F22382E21A0052D5B8 /* Base */,
			);
			name = Main.storyboard;
			sourceTree = "<group>";
		};
/* End PBXVariantGroup section */

/* Begin XCBuildConfiguration section */
		CCEC42F62382E21A0052D5B8 /* Debug */ = {
			isa = XCBuildConfiguration;
			buildSettings = {
				ALWAYS_SEARCH_USER_PATHS = NO;
				CLANG_ANALYZER_NONNULL = YES;
				CLANG_ANALYZER_NUMBER_OBJECT_CONVERSION = YES_AGGRESSIVE;
				CLANG_CXX_LANGUAGE_STANDARD = "gnu++14";
				CLANG_CXX_LIBRARY = "libc++";
				CLANG_ENABLE_MODULES = YES;
				CLANG_ENABLE_OBJC_ARC = YES;
				CLANG_ENABLE_OBJC_WEAK = YES;
				CLANG_WARN_BLOCK_CAPTURE_AUTORELEASING = YES;
				CLANG_WARN_BOOL_CONVERSION = YES;
				CLANG_WARN_COMMA = YES;
				CLANG_WARN_CONSTANT_CONVERSION = YES;
				CLANG_WARN_DEPRECATED_OBJC_IMPLEMENTATIONS = YES;
				CLANG_WARN_DIRECT_OBJC_ISA_USAGE = YES_ERROR;
				CLANG_WARN_DOCUMENTATION_COMMENTS = YES;
				CLANG_WARN_EMPTY_BODY = YES;
				CLANG_WARN_ENUM_CONVERSION = YES;
				CLANG_WARN_INFINITE_RECURSION = YES;
				CLANG_WARN_INT_CONVERSION = YES;
				CLANG_WARN_NON_LITERAL_NULL_CONVERSION = YES;
				CLANG_WARN_OBJC_IMPLICIT_RETAIN_SELF = YES;
				CLANG_WARN_OBJC_LITERAL_CONVERSION = YES;
				CLANG_WARN_OBJC_ROOT_CLASS = YES_ERROR;
				CLANG_WARN_RANGE_LOOP_ANALYSIS = YES;
				CLANG_WARN_STRICT_PROTOTYPES = YES;
				CLANG_WARN_SUSPICIOUS_MOVE = YES;
				CLANG_WARN_UNGUARDED_AVAILABILITY = YES_AGGRESSIVE;
				CLANG_WARN_UNREACHABLE_CODE = YES;
				CLANG_WARN__DUPLICATE_METHOD_MATCH = YES;
				COPY_PHASE_STRIP = NO;
				DEBUG_INFORMATION_FORMAT = dwarf;
				ENABLE_STRICT_OBJC_MSGSEND = YES;
				ENABLE_TESTABILITY = YES;
				GCC_C_LANGUAGE_STANDARD = gnu11;
				GCC_DYNAMIC_NO_PIC = NO;
				GCC_NO_COMMON_BLOCKS = YES;
				GCC_OPTIMIZATION_LEVEL = 0;
				GCC_PREPROCESSOR_DEFINITIONS = (
					"DEBUG=1",
					"$(inherited)",
				);
				GCC_WARN_64_TO_32_BIT_CONVERSION = YES;
				GCC_WARN_ABOUT_RETURN_TYPE = YES_ERROR;
				GCC_WARN_UNDECLARED_SELECTOR = YES;
				GCC_WARN_UNINITIALIZED_AUTOS = YES_AGGRESSIVE;
				GCC_WARN_UNUSED_FUNCTION = YES;
				GCC_WARN_UNUSED_VARIABLE = YES;
				MACOSX_DEPLOYMENT_TARGET = 10.15;
				MTL_ENABLE_DEBUG_INFO = INCLUDE_SOURCE;
				MTL_FAST_MATH = YES;
				ONLY_ACTIVE_ARCH = YES;
				SDKROOT = macosx;
				SWIFT_ACTIVE_COMPILATION_CONDITIONS = DEBUG;
				SWIFT_OPTIMIZATION_LEVEL = "-Onone";
			};
			name = Debug;
		};
		CCEC42F72382E21A0052D5B8 /* Release */ = {
			isa = XCBuildConfiguration;
			buildSettings = {
				ALWAYS_SEARCH_USER_PATHS = NO;
				CLANG_ANALYZER_NONNULL = YES;
				CLANG_ANALYZER_NUMBER_OBJECT_CONVERSION = YES_AGGRESSIVE;
				CLANG_CXX_LANGUAGE_STANDARD = "gnu++14";
				CLANG_CXX_LIBRARY = "libc++";
				CLANG_ENABLE_MODULES = YES;
				CLANG_ENABLE_OBJC_ARC = YES;
				CLANG_ENABLE_OBJC_WEAK = YES;
				CLANG_WARN_BLOCK_CAPTURE_AUTORELEASING = YES;
				CLANG_WARN_BOOL_CONVERSION = YES;
				CLANG_WARN_COMMA = YES;
				CLANG_WARN_CONSTANT_CONVERSION = YES;
				CLANG_WARN_DEPRECATED_OBJC_IMPLEMENTATIONS = YES;
				CLANG_WARN_DIRECT_OBJC_ISA_USAGE = YES_ERROR;
				CLANG_WARN_DOCUMENTATION_COMMENTS = YES;
				CLANG_WARN_EMPTY_BODY = YES;
				CLANG_WARN_ENUM_CONVERSION = YES;
				CLANG_WARN_INFINITE_RECURSION = YES;
				CLANG_WARN_INT_CONVERSION = YES;
				CLANG_WARN_NON_LITERAL_NULL_CONVERSION = YES;
				CLANG_WARN_OBJC_IMPLICIT_RETAIN_SELF = YES;
				CLANG_WARN_OBJC_LITERAL_CONVERSION = YES;
				CLANG_WARN_OBJC_ROOT_CLASS = YES_ERROR;
				CLANG_WARN_RANGE_LOOP_ANALYSIS = YES;
				CLANG_WARN_STRICT_PROTOTYPES = YES;
				CLANG_WARN_SUSPICIOUS_MOVE = YES;
				CLANG_WARN_UNGUARDED_AVAILABILITY = YES_AGGRESSIVE;
				CLANG_WARN_UNREACHABLE_CODE = YES;
				CLANG_WARN__DUPLICATE_METHOD_MATCH = YES;
				COPY_PHASE_STRIP = NO;
				DEBUG_INFORMATION_FORMAT = "dwarf-with-dsym";
				ENABLE_NS_ASSERTIONS = NO;
				ENABLE_STRICT_OBJC_MSGSEND = YES;
				GCC_C_LANGUAGE_STANDARD = gnu11;
				GCC_NO_COMMON_BLOCKS = YES;
				GCC_WARN_64_TO_32_BIT_CONVERSION = YES;
				GCC_WARN_ABOUT_RETURN_TYPE = YES_ERROR;
				GCC_WARN_UNDECLARED_SELECTOR = YES;
				GCC_WARN_UNINITIALIZED_AUTOS = YES_AGGRESSIVE;
				GCC_WARN_UNUSED_FUNCTION = YES;
				GCC_WARN_UNUSED_VARIABLE = YES;
				MACOSX_DEPLOYMENT_TARGET = 10.15;
				MTL_ENABLE_DEBUG_INFO = NO;
				MTL_FAST_MATH = YES;
				SDKROOT = macosx;
				SWIFT_COMPILATION_MODE = wholemodule;
				SWIFT_OPTIMIZATION_LEVEL = "-O";
			};
			name = Release;
		};
		CCEC42F92382E21A0052D5B8 /* Debug */ = {
			isa = XCBuildConfiguration;
			buildSettings = {
				ASSETCATALOG_COMPILER_APPICON_NAME = AppIcon;
				CODE_SIGN_ENTITLEMENTS = NewAxesDrawer/NewAxesDrawer.entitlements;
				CODE_SIGN_STYLE = Automatic;
				COMBINE_HIDPI_IMAGES = YES;
				DEVELOPMENT_TEAM = X6QXE7NQ5P;
				ENABLE_HARDENED_RUNTIME = YES;
				INFOPLIST_FILE = NewAxesDrawer/Info.plist;
				LD_RUNPATH_SEARCH_PATHS = (
					"$(inherited)",
					"@executable_path/../Frameworks",
				);
				PRODUCT_BUNDLE_IDENTIFIER = com.Rexkis.NewAxesDrawer;
				PRODUCT_NAME = "$(TARGET_NAME)";
				SWIFT_VERSION = 5.0;
			};
			name = Debug;
		};
		CCEC42FA2382E21A0052D5B8 /* Release */ = {
			isa = XCBuildConfiguration;
			buildSettings = {
				ASSETCATALOG_COMPILER_APPICON_NAME = AppIcon;
				CODE_SIGN_ENTITLEMENTS = NewAxesDrawer/NewAxesDrawer.entitlements;
				CODE_SIGN_STYLE = Automatic;
				COMBINE_HIDPI_IMAGES = YES;
				DEVELOPMENT_TEAM = X6QXE7NQ5P;
				ENABLE_HARDENED_RUNTIME = YES;
				INFOPLIST_FILE = NewAxesDrawer/Info.plist;
				LD_RUNPATH_SEARCH_PATHS = (
					"$(inherited)",
					"@executable_path/../Frameworks",
				);
				PRODUCT_BUNDLE_IDENTIFIER = com.Rexkis.NewAxesDrawer;
				PRODUCT_NAME = "$(TARGET_NAME)";
				SWIFT_VERSION = 5.0;
			};
			name = Release;
		};
/* End XCBuildConfiguration section */

/* Begin XCConfigurationList section */
		CCEC42E32382E2140052D5B8 /* Build configuration list for PBXProject "NewAxesDrawer" */ = {
			isa = XCConfigurationList;
			buildConfigurations = (
				CCEC42F62382E21A0052D5B8 /* Debug */,
				CCEC42F72382E21A0052D5B8 /* Release */,
			);
			defaultConfigurationIsVisible = 0;
			defaultConfigurationName = Release;
		};
		CCEC42F82382E21A0052D5B8 /* Build configuration list for PBXNativeTarget "NewAxesDrawer" */ = {
			isa = XCConfigurationList;
			buildConfigurations = (
				CCEC42F92382E21A0052D5B8 /* Debug */,
				CCEC42FA2382E21A0052D5B8 /* Release */,
			);
			defaultConfigurationIsVisible = 0;
			defaultConfigurationName = Release;
		};
/* End XCConfigurationList section */
	};
	rootObject = CCEC42E02382E2140052D5B8 /* Project object */;
}
